
Microsoft Visual Studio Solution File, Format Version 12.00
# Visual Studio Version 17
VisualStudioVersion = 17.7.34031.279
MinimumVisualStudioVersion = 10.0.40219.1
Project("{9A19103F-16F7-4668-BE54-9A1E7A4F7556}") = "RunTestsConsoleApp", "RunTestsConsoleApp\RunTestsConsoleApp.csproj", "{A28E5D72-39CB-4486-B5BE-AC35E381B44D}"
EndProject
Project("{9A19103F-16F7-4668-BE54-9A1E7A4F7556}") = "Common", "Common\Common.csproj", "{5B1EFD14-4052-4869-8F2C-8183F6FA050C}"
EndProject
Global
	GlobalSection(SolutionConfigurationPlatforms) = preSolution
		Debug|Any CPU = Debug|Any CPU
		Release|Any CPU = Release|Any CPU
	EndGlobalSection
	GlobalSection(ProjectConfigurationPlatforms) = postSolution
		{A28E5D72-39CB-4486-B5BE-AC35E381B44D}.Debug|Any CPU.ActiveCfg = Debug|Any CPU
		{A28E5D72-39CB-4486-B5BE-AC35E381B44D}.Debug|Any CPU.Build.0 = Debug|Any CPU
		{A28E5D72-39CB-4486-B5BE-AC35E381B44D}.Release|Any CPU.ActiveCfg = Release|Any CPU
		{A28E5D72-39CB-4486-B5BE-AC35E381B44D}.Release|Any CPU.Build.0 = Release|Any CPU
		{5B1EFD14-4052-4869-8F2C-8183F6FA050C}.Debug|Any CPU.ActiveCfg = Debug|Any CPU
		{5B1EFD14-4052-4869-8F2C-8183F6FA050C}.Debug|Any CPU.Build.0 = Debug|Any CPU
		{5B1EFD14-4052-4869-8F2C-8183F6FA050C}.Release|Any CPU.ActiveCfg = Release|Any CPU
		{5B1EFD14-4052-4869-8F2C-8183F6FA050C}.Release|Any CPU.Build.0 = Release|Any CPU
	EndGlobalSection
	GlobalSection(SolutionProperties) = preSolution
		HideSolutionNode = FALSE
	EndGlobalSection
	GlobalSection(ExtensibilityGlobals) = postSolution
		SolutionGuid = {2B56F375-B754-4058-85DD-B8C58F5E7BE2}
	EndGlobalSection
EndGlobal
